
Microsoft Visual Studio Solution File, Format Version 12.00
# Visual Studio Version 16
VisualStudioVersion = 16.0.31205.134
MinimumVisualStudioVersion = 10.0.40219.1
Project("{9A19103F-16F7-4668-BE54-9A1E7A4F7556}") = "ShopBridgeAPI", "ShopBridgeAPI\ShopBridgeAPI.csproj", "{04BBB78E-A88C-43A8-8641-80ADFFCB1E2D}"
EndProject
Project("{FAE04EC0-301F-11D3-BF4B-00C04F79EFBC}") = "ShopBridgeAPI.Test", "ShopBridgeAPI.Test\ShopBridgeAPI.Test.csproj", "{B7F5506F-2BB8-4821-B434-17C4ED38C76F}"
EndProject
Global
	GlobalSection(SolutionConfigurationPlatforms) = preSolution
		Debug|Any CPU = Debug|Any CPU
		Release|Any CPU = Release|Any CPU
	EndGlobalSection
	GlobalSection(ProjectConfigurationPlatforms) = postSolution
		{04BBB78E-A88C-43A8-8641-80ADFFCB1E2D}.Debug|Any CPU.ActiveCfg = Debug|Any CPU
		{04BBB78E-A88C-43A8-8641-80ADFFCB1E2D}.Debug|Any CPU.Build.0 = Debug|Any CPU
		{04BBB78E-A88C-43A8-8641-80ADFFCB1E2D}.Release|Any CPU.ActiveCfg = Release|Any CPU
		{04BBB78E-A88C-43A8-8641-80ADFFCB1E2D}.Release|Any CPU.Build.0 = Release|Any CPU
		{B7F5506F-2BB8-4821-B434-17C4ED38C76F}.Debug|Any CPU.ActiveCfg = Debug|Any CPU
		{B7F5506F-2BB8-4821-B434-17C4ED38C76F}.Debug|Any CPU.Build.0 = Debug|Any CPU
		{B7F5506F-2BB8-4821-B434-17C4ED38C76F}.Release|Any CPU.ActiveCfg = Release|Any CPU
		{B7F5506F-2BB8-4821-B434-17C4ED38C76F}.Release|Any CPU.Build.0 = Release|Any CPU
	EndGlobalSection
	GlobalSection(SolutionProperties) = preSolution
		HideSolutionNode = FALSE
	EndGlobalSection
	GlobalSection(ExtensibilityGlobals) = postSolution
		SolutionGuid = {FC91A041-616B-43C9-9732-91F272923AB8}
	EndGlobalSection
EndGlobal
